
Microsoft Visual Studio Solution File, Format Version 12.00
# Visual Studio Version 16
VisualStudioVersion = 16.0.30413.136
MinimumVisualStudioVersion = 10.0.40219.1
Project("{888888A0-9F3D-457C-B088-3A5042F75D52}") = "RegAndAuth", "RegAndAuth\RegAndAuth.pyproj", "{877E0BAF-F78F-4550-9F5B-1080F897F116}"
EndProject
Global
	GlobalSection(SolutionConfigurationPlatforms) = preSolution
		Debug|Any CPU = Debug|Any CPU
		Release|Any CPU = Release|Any CPU
	EndGlobalSection
	GlobalSection(ProjectConfigurationPlatforms) = postSolution
		{877E0BAF-F78F-4550-9F5B-1080F897F116}.Debug|Any CPU.ActiveCfg = Debug|Any CPU
		{877E0BAF-F78F-4550-9F5B-1080F897F116}.Release|Any CPU.ActiveCfg = Release|Any CPU
	EndGlobalSection
	GlobalSection(SolutionProperties) = preSolution
		HideSolutionNode = FALSE
	EndGlobalSection
	GlobalSection(ExtensibilityGlobals) = postSolution
		SolutionGuid = {A8270272-C2CB-4144-B793-551FDD932DBF}
	EndGlobalSection
EndGlobal
